
Microsoft Visual Studio Solution File, Format Version 12.00
# Visual Studio Version 16
VisualStudioVersion = 16.0.32413.511
MinimumVisualStudioVersion = 10.0.40219.1
Project("{FAE04EC0-301F-11D3-BF4B-00C04F79EFBC}") = "GerFinancas", "GerFinancas\GerFinancas.csproj", "{009AEEF0-2369-4730-9A4E-CBA518CBE796}"
EndProject
Global
	GlobalSection(SolutionConfigurationPlatforms) = preSolution
		Debug|Any CPU = Debug|Any CPU
		Release|Any CPU = Release|Any CPU
	EndGlobalSection
	GlobalSection(ProjectConfigurationPlatforms) = postSolution
		{009AEEF0-2369-4730-9A4E-CBA518CBE796}.Debug|Any CPU.ActiveCfg = Debug|Any CPU
		{009AEEF0-2369-4730-9A4E-CBA518CBE796}.Debug|Any CPU.Build.0 = Debug|Any CPU
		{009AEEF0-2369-4730-9A4E-CBA518CBE796}.Release|Any CPU.ActiveCfg = Release|Any CPU
		{009AEEF0-2369-4730-9A4E-CBA518CBE796}.Release|Any CPU.Build.0 = Release|Any CPU
	EndGlobalSection
	GlobalSection(SolutionProperties) = preSolution
		HideSolutionNode = FALSE
	EndGlobalSection
	GlobalSection(ExtensibilityGlobals) = postSolution
		SolutionGuid = {FBB54860-1AEF-4BF9-8963-F1FF16795B04}
	EndGlobalSection
EndGlobal
